
Microsoft Visual Studio Solution File, Format Version 12.00
# Visual Studio Version 16
VisualStudioVersion = 16.0.30225.117
MinimumVisualStudioVersion = 10.0.40219.1
Project("{9A19103F-16F7-4668-BE54-9A1E7A4F7556}") = "LPGCylinderSystem", "LPGCylinderSystem\LPGCylinderSystem.csproj", "{295BAE20-70A4-4F68-806E-DC97718770ED}"
EndProject
Global
	GlobalSection(SolutionConfigurationPlatforms) = preSolution
		Debug|Any CPU = Debug|Any CPU
		Release|Any CPU = Release|Any CPU
	EndGlobalSection
	GlobalSection(ProjectConfigurationPlatforms) = postSolution
		{295BAE20-70A4-4F68-806E-DC97718770ED}.Debug|Any CPU.ActiveCfg = Debug|Any CPU
		{295BAE20-70A4-4F68-806E-DC97718770ED}.Debug|Any CPU.Build.0 = Debug|Any CPU
		{295BAE20-70A4-4F68-806E-DC97718770ED}.Release|Any CPU.ActiveCfg = Release|Any CPU
		{295BAE20-70A4-4F68-806E-DC97718770ED}.Release|Any CPU.Build.0 = Release|Any CPU
	EndGlobalSection
	GlobalSection(SolutionProperties) = preSolution
		HideSolutionNode = FALSE
	EndGlobalSection
	GlobalSection(ExtensibilityGlobals) = postSolution
		SolutionGuid = {47402375-8E1E-4614-96F5-58CDC148798C}
	EndGlobalSection
EndGlobal
